
Microsoft Visual Studio Solution File, Format Version 12.00
# Visual Studio Version 17
VisualStudioVersion = 17.2.32616.157
MinimumVisualStudioVersion = 10.0.40219.1
Project("{FAE04EC0-301F-11D3-BF4B-00C04F79EFBC}") = "ComicDownloader", "ComicDownloader\ComicDownloader.csproj", "{48EBB812-EDB2-428A-B30C-7C84A156B001}"
EndProject
Global
	GlobalSection(SolutionConfigurationPlatforms) = preSolution
		Debug|Any CPU = Debug|Any CPU
		Release|Any CPU = Release|Any CPU
	EndGlobalSection
	GlobalSection(ProjectConfigurationPlatforms) = postSolution
		{48EBB812-EDB2-428A-B30C-7C84A156B001}.Debug|Any CPU.ActiveCfg = Debug|Any CPU
		{48EBB812-EDB2-428A-B30C-7C84A156B001}.Debug|Any CPU.Build.0 = Debug|Any CPU
		{48EBB812-EDB2-428A-B30C-7C84A156B001}.Release|Any CPU.ActiveCfg = Release|Any CPU
		{48EBB812-EDB2-428A-B30C-7C84A156B001}.Release|Any CPU.Build.0 = Release|Any CPU
	EndGlobalSection
	GlobalSection(SolutionProperties) = preSolution
		HideSolutionNode = FALSE
	EndGlobalSection
	GlobalSection(ExtensibilityGlobals) = postSolution
		SolutionGuid = {735244EC-AC25-465F-93FE-0708D1D1CB10}
	EndGlobalSection
EndGlobal
